// !$*UTF8*$!
{
	archiveVersion = 1;
	classes = {
	};
	objectVersion = 50;
	objects = {

/* Begin PBXBuildFile section */
		49B366E9238CCC65007833AA /* main.m in Sources */ = {isa = PBXBuildFile; fileRef = 49B366E8238CCC65007833AA /* main.m */; };
		49B366F4238CCD12007833AA /* Editor.m in Sources */ = {isa = PBXBuildFile; fileRef = 49B366F3238CCD12007833AA /* Editor.m */; };
		49B366F7238CCF48007833AA /* Temporary.m in Sources */ = {isa = PBXBuildFile; fileRef = 49B366F6238CCF48007833AA /* Temporary.m */; };
/* End PBXBuildFile section */

/* Begin PBXCopyFilesBuildPhase section */
		49B366E3238CCC65007833AA /* CopyFiles */ = {
			isa = PBXCopyFilesBuildPhase;
			buildActionMask = 2147483647;
			dstPath = /usr/share/man/man1/;
			dstSubfolderSpec = 0;
			files = (
			);
			runOnlyForDeploymentPostprocessing = 1;
		};
/* End PBXCopyFilesBuildPhase section */

/* Begin PBXFileReference section */
		49B366E5238CCC65007833AA /* Demo26_protocol */ = {isa = PBXFileReference; explicitFileType = "compiled.mach-o.executable"; includeInIndex = 0; path = Demo26_protocol; sourceTree = BUILT_PRODUCTS_DIR; };
		49B366E8238CCC65007833AA /* main.m */ = {isa = PBXFileReference; lastKnownFileType = sourcecode.c.objc; path = main.m; sourceTree = "<group>"; };
		49B366EF238CCC7B007833AA /* publishing.h */ = {isa = PBXFileReference; lastKnownFileType = sourcecode.c.h; path = publishing.h; sourceTree = "<group>"; };
		49B366F2238CCD06007833AA /* Editor.h */ = {isa = PBXFileReference; lastKnownFileType = sourcecode.c.h; path = Editor.h; sourceTree = "<group>"; };
		49B366F3238CCD12007833AA /* Editor.m */ = {isa = PBXFileReference; lastKnownFileType = sourcecode.c.objc; path = Editor.m; sourceTree = "<group>"; };
		49B366F5238CCF48007833AA /* Temporary.h */ = {isa = PBXFileReference; lastKnownFileType = sourcecode.c.h; path = Temporary.h; sourceTree = "<group>"; };
		49B366F6238CCF48007833AA /* Temporary.m */ = {isa = PBXFileReference; lastKnownFileType = sourcecode.c.objc; path = Temporary.m; sourceTree = "<group>"; };
/* End PBXFileReference section */

/* Begin PBXFrameworksBuildPhase section */
		49B366E2238CCC65007833AA /* Frameworks */ = {
			isa = PBXFrameworksBuildPhase;
			buildActionMask = 2147483647;
			files = (
			);
			runOnlyForDeploymentPostprocessing = 0;
		};
/* End PBXFrameworksBuildPhase section */

/* Begin PBXGroup section */
		49B366DC238CCC65007833AA = {
			isa = PBXGroup;
			children = (
				49B366E7238CCC65007833AA /* Demo26_protocol */,
				49B366E6238CCC65007833AA /* Products */,
			);
			sourceTree = "<group>";
		};
		49B366E6238CCC65007833AA /* Products */ = {
			isa = PBXGroup;
			children = (
				49B366E5238CCC65007833AA /* Demo26_protocol */,
			);
			name = Products;
			sourceTree = "<group>";
		};
		49B366E7238CCC65007833AA /* Demo26_protocol */ = {
			isa = PBXGroup;
			children = (
				49B366E8238CCC65007833AA /* main.m */,
				49B366EF238CCC7B007833AA /* publishing.h */,
				49B366F2238CCD06007833AA /* Editor.h */,
				49B366F3238CCD12007833AA /* Editor.m */,
				49B366F5238CCF48007833AA /* Temporary.h */,
				49B366F6238CCF48007833AA /* Temporary.m */,
			);
			path = Demo26_protocol;
			sourceTree = "<group>";
		};
/* End PBXGroup section */

/* Begin PBXNativeTarget section */
		49B366E4238CCC65007833AA /* Demo26_protocol */ = {
			isa = PBXNativeTarget;
			buildConfigurationList = 49B366EC238CCC65007833AA /* Build configuration list for PBXNativeTarget "Demo26_protocol" */;
			buildPhases = (
				49B366E1238CCC65007833AA /* Sources */,
				49B366E2238CCC65007833AA /* Frameworks */,
				49B366E3238CCC65007833AA /* CopyFiles */,
			);
			buildRules = (
			);
			dependencies = (
			);
			name = Demo26_protocol;
			productName = Demo26_protocol;
			productReference = 49B366E5238CCC65007833AA /* Demo26_protocol */;
			productType = "com.apple.product-type.tool";
		};
/* End PBXNativeTarget section */

/* Begin PBXProject section */
		49B366DD238CCC65007833AA /* Project object */ = {
			isa = PBXProject;
			attributes = {
				LastUpgradeCheck = 1120;
				ORGANIZATIONNAME = mjz;
				TargetAttributes = {
					49B366E4238CCC65007833AA = {
						CreatedOnToolsVersion = 11.2.1;
					};
				};
			};
			buildConfigurationList = 49B366E0238CCC65007833AA /* Build configuration list for PBXProject "Demo26_protocol" */;
			compatibilityVersion = "Xcode 9.3";
			developmentRegion = en;
			hasScannedForEncodings = 0;
			knownRegions = (
				en,
				Base,
			);
			mainGroup = 49B366DC238CCC65007833AA;
			productRefGroup = 49B366E6238CCC65007833AA /* Products */;
			projectDirPath = "";
			projectRoot = "";
			targets = (
				49B366E4238CCC65007833AA /* Demo26_protocol */,
			);
		};
/* End PBXProject section */

/* Begin PBXSourcesBuildPhase section */
		49B366E1238CCC65007833AA /* Sources */ = {
			isa = PBXSourcesBuildPhase;
			buildActionMask = 2147483647;
			files = (
				49B366F7238CCF48007833AA /* Temporary.m in Sources */,
				49B366F4238CCD12007833AA /* Editor.m in Sources */,
				49B366E9238CCC65007833AA /* main.m in Sources */,
			);
			runOnlyForDeploymentPostprocessing = 0;
		};
/* End PBXSourcesBuildPhase section */

/* Begin XCBuildConfiguration section */
		49B366EA238CCC65007833AA /* Debug */ = {
			isa = XCBuildConfiguration;
			buildSettings = {
				ALWAYS_SEARCH_USER_PATHS = NO;
				CLANG_ANALYZER_NONNULL = YES;
				CLANG_ANALYZER_NUMBER_OBJECT_CONVERSION = YES_AGGRESSIVE;
				CLANG_CXX_LANGUAGE_STANDARD = "gnu++14";
				CLANG_CXX_LIBRARY = "libc++";
				CLANG_ENABLE_MODULES = YES;
				CLANG_ENABLE_OBJC_ARC = YES;
				CLANG_ENABLE_OBJC_WEAK = YES;
				CLANG_WARN_BLOCK_CAPTURE_AUTORELEASING = YES;
				CLANG_WARN_BOOL_CONVERSION = YES;
				CLANG_WARN_COMMA = YES;
				CLANG_WARN_CONSTANT_CONVERSION = YES;
				CLANG_WARN_DEPRECATED_OBJC_IMPLEMENTATIONS = YES;
				CLANG_WARN_DIRECT_OBJC_ISA_USAGE = YES_ERROR;
				CLANG_WARN_DOCUMENTATION_COMMENTS = YES;
				CLANG_WARN_EMPTY_BODY = YES;
				CLANG_WARN_ENUM_CONVERSION = YES;
				CLANG_WARN_INFINITE_RECURSION = YES;
				CLANG_WARN_INT_CONVERSION = YES;
				CLANG_WARN_NON_LITERAL_NULL_CONVERSION = YES;
				CLANG_WARN_OBJC_IMPLICIT_RETAIN_SELF = YES;
				CLANG_WARN_OBJC_LITERAL_CONVERSION = YES;
				CLANG_WARN_OBJC_ROOT_CLASS = YES_ERROR;
				CLANG_WARN_RANGE_LOOP_ANALYSIS = YES;
				CLANG_WARN_STRICT_PROTOTYPES = YES;
				CLANG_WARN_SUSPICIOUS_MOVE = YES;
				CLANG_WARN_UNGUARDED_AVAILABILITY = YES_AGGRESSIVE;
				CLANG_WARN_UNREACHABLE_CODE = YES;
				CLANG_WARN__DUPLICATE_METHOD_MATCH = YES;
				COPY_PHASE_STRIP = NO;
				DEBUG_INFORMATION_FORMAT = dwarf;
				ENABLE_STRICT_OBJC_MSGSEND = YES;
				ENABLE_TESTABILITY = YES;
				GCC_C_LANGUAGE_STANDARD = gnu11;
				GCC_DYNAMIC_NO_PIC = NO;
				GCC_NO_COMMON_BLOCKS = YES;
				GCC_OPTIMIZATION_LEVEL = 0;
				GCC_PREPROCESSOR_DEFINITIONS = (
					"DEBUG=1",
					"$(inherited)",
				);
				GCC_WARN_64_TO_32_BIT_CONVERSION = YES;
				GCC_WARN_ABOUT_RETURN_TYPE = YES_ERROR;
				GCC_WARN_UNDECLARED_SELECTOR = YES;
				GCC_WARN_UNINITIALIZED_AUTOS = YES_AGGRESSIVE;
				GCC_WARN_UNUSED_FUNCTION = YES;
				GCC_WARN_UNUSED_VARIABLE = YES;
				MACOSX_DEPLOYMENT_TARGET = 10.15;
				MTL_ENABLE_DEBUG_INFO = INCLUDE_SOURCE;
				MTL_FAST_MATH = YES;
				ONLY_ACTIVE_ARCH = YES;
				SDKROOT = macosx;
			};
			name = Debug;
		};
		49B366EB238CCC65007833AA /* Release */ = {
			isa = XCBuildConfiguration;
			buildSettings = {
				ALWAYS_SEARCH_USER_PATHS = NO;
				CLANG_ANALYZER_NONNULL = YES;
				CLANG_ANALYZER_NUMBER_OBJECT_CONVERSION = YES_AGGRESSIVE;
				CLANG_CXX_LANGUAGE_STANDARD = "gnu++14";
				CLANG_CXX_LIBRARY = "libc++";
				CLANG_ENABLE_MODULES = YES;
				CLANG_ENABLE_OBJC_ARC = YES;
				CLANG_ENABLE_OBJC_WEAK = YES;
				CLANG_WARN_BLOCK_CAPTURE_AUTORELEASING = YES;
				CLANG_WARN_BOOL_CONVERSION = YES;
				CLANG_WARN_COMMA = YES;
				CLANG_WARN_CONSTANT_CONVERSION = YES;
				CLANG_WARN_DEPRECATED_OBJC_IMPLEMENTATIONS = YES;
				CLANG_WARN_DIRECT_OBJC_ISA_USAGE = YES_ERROR;
				CLANG_WARN_DOCUMENTATION_COMMENTS = YES;
				CLANG_WARN_EMPTY_BODY = YES;
				CLANG_WARN_ENUM_CONVERSION = YES;
				CLANG_WARN_INFINITE_RECURSION = YES;
				CLANG_WARN_INT_CONVERSION = YES;
				CLANG_WARN_NON_LITERAL_NULL_CONVERSION = YES;
				CLANG_WARN_OBJC_IMPLICIT_RETAIN_SELF = YES;
				CLANG_WARN_OBJC_LITERAL_CONVERSION = YES;
				CLANG_WARN_OBJC_ROOT_CLASS = YES_ERROR;
				CLANG_WARN_RANGE_LOOP_ANALYSIS = YES;
				CLANG_WARN_STRICT_PROTOTYPES = YES;
				CLANG_WARN_SUSPICIOUS_MOVE = YES;
				CLANG_WARN_UNGUARDED_AVAILABILITY = YES_AGGRESSIVE;
				CLANG_WARN_UNREACHABLE_CODE = YES;
				CLANG_WARN__DUPLICATE_METHOD_MATCH = YES;
				COPY_PHASE_STRIP = NO;
				DEBUG_INFORMATION_FORMAT = "dwarf-with-dsym";
				ENABLE_NS_ASSERTIONS = NO;
				ENABLE_STRICT_OBJC_MSGSEND = YES;
				GCC_C_LANGUAGE_STANDARD = gnu11;
				GCC_NO_COMMON_BLOCKS = YES;
				GCC_WARN_64_TO_32_BIT_CONVERSION = YES;
				GCC_WARN_ABOUT_RETURN_TYPE = YES_ERROR;
				GCC_WARN_UNDECLARED_SELECTOR = YES;
				GCC_WARN_UNINITIALIZED_AUTOS = YES_AGGRESSIVE;
				GCC_WARN_UNUSED_FUNCTION = YES;
				GCC_WARN_UNUSED_VARIABLE = YES;
				MACOSX_DEPLOYMENT_TARGET = 10.15;
				MTL_ENABLE_DEBUG_INFO = NO;
				MTL_FAST_MATH = YES;
				SDKROOT = macosx;
			};
			name = Release;
		};
		49B366ED238CCC65007833AA /* Debug */ = {
			isa = XCBuildConfiguration;
			buildSettings = {
				CODE_SIGN_STYLE = Automatic;
				DEVELOPMENT_TEAM = Y6MU93L8ZP;
				ENABLE_HARDENED_RUNTIME = YES;
				PRODUCT_NAME = "$(TARGET_NAME)";
			};
			name = Debug;
		};
		49B366EE238CCC65007833AA /* Release */ = {
			isa = XCBuildConfiguration;
			buildSettings = {
				CODE_SIGN_STYLE = Automatic;
				DEVELOPMENT_TEAM = Y6MU93L8ZP;
				ENABLE_HARDENED_RUNTIME = YES;
				PRODUCT_NAME = "$(TARGET_NAME)";
			};
			name = Release;
		};
/* End XCBuildConfiguration section */

/* Begin XCConfigurationList section */
		49B366E0238CCC65007833AA /* Build configuration list for PBXProject "Demo26_protocol" */ = {
			isa = XCConfigurationList;
			buildConfigurations = (
				49B366EA238CCC65007833AA /* Debug */,
				49B366EB238CCC65007833AA /* Release */,
			);
			defaultConfigurationIsVisible = 0;
			defaultConfigurationName = Release;
		};
		49B366EC238CCC65007833AA /* Build configuration list for PBXNativeTarget "Demo26_protocol" */ = {
			isa = XCConfigurationList;
			buildConfigurations = (
				49B366ED238CCC65007833AA /* Debug */,
				49B366EE238CCC65007833AA /* Release */,
			);
			defaultConfigurationIsVisible = 0;
			defaultConfigurationName = Release;
		};
/* End XCConfigurationList section */
	};
	rootObject = 49B366DD238CCC65007833AA /* Project object */;
}
